<Solution>
  <Folder Name="/src/">
    <Project Path="src/OmniFlow.API/OmniFlow.API.csproj" />
    <Project Path="src/OmniFlow.Application/OmniFlow.Application.csproj" />
    <Project Path="src/OmniFlow.Domain/OmniFlow.Domain.csproj" />
    <Project Path="src/OmniFlow.Infrastructure/OmniFlow.Infrastructure.csproj" />
  </Folder>
</Solution>
